
Microsoft Visual Studio Solution File, Format Version 12.00
# Visual Studio Version 17
VisualStudioVersion = 17.4.33213.308
MinimumVisualStudioVersion = 10.0.40219.1
Project("{FAE04EC0-301F-11D3-BF4B-00C04F79EFBC}") = "exampleStack", "exampleStack\exampleStack.csproj", "{2036EDC8-6C04-4CEF-ADD9-0853137DF14C}"
EndProject
Global
	GlobalSection(SolutionConfigurationPlatforms) = preSolution
		Debug|Any CPU = Debug|Any CPU
		Release|Any CPU = Release|Any CPU
	EndGlobalSection
	GlobalSection(ProjectConfigurationPlatforms) = postSolution
		{2036EDC8-6C04-4CEF-ADD9-0853137DF14C}.Debug|Any CPU.ActiveCfg = Debug|Any CPU
		{2036EDC8-6C04-4CEF-ADD9-0853137DF14C}.Debug|Any CPU.Build.0 = Debug|Any CPU
		{2036EDC8-6C04-4CEF-ADD9-0853137DF14C}.Release|Any CPU.ActiveCfg = Release|Any CPU
		{2036EDC8-6C04-4CEF-ADD9-0853137DF14C}.Release|Any CPU.Build.0 = Release|Any CPU
	EndGlobalSection
	GlobalSection(SolutionProperties) = preSolution
		HideSolutionNode = FALSE
	EndGlobalSection
	GlobalSection(ExtensibilityGlobals) = postSolution
		SolutionGuid = {8BAA7C90-3B61-488B-8AD4-73B9B971DB2C}
	EndGlobalSection
EndGlobal
